
Microsoft Visual Studio Solution File, Format Version 12.00
# Visual Studio Version 17
VisualStudioVersion = 17.7.34202.233
MinimumVisualStudioVersion = 10.0.40219.1
Project("{FAE04EC0-301F-11D3-BF4B-00C04F79EFBC}") = "CalculateMobileBill", "CalculateMobileBill\CalculateMobileBill.csproj", "{33152445-5F10-4753-B997-5B938AB82D57}"
EndProject
Global
	GlobalSection(SolutionConfigurationPlatforms) = preSolution
		Debug|Any CPU = Debug|Any CPU
		Release|Any CPU = Release|Any CPU
	EndGlobalSection
	GlobalSection(ProjectConfigurationPlatforms) = postSolution
		{33152445-5F10-4753-B997-5B938AB82D57}.Debug|Any CPU.ActiveCfg = Debug|Any CPU
		{33152445-5F10-4753-B997-5B938AB82D57}.Debug|Any CPU.Build.0 = Debug|Any CPU
		{33152445-5F10-4753-B997-5B938AB82D57}.Release|Any CPU.ActiveCfg = Release|Any CPU
		{33152445-5F10-4753-B997-5B938AB82D57}.Release|Any CPU.Build.0 = Release|Any CPU
	EndGlobalSection
	GlobalSection(SolutionProperties) = preSolution
		HideSolutionNode = FALSE
	EndGlobalSection
	GlobalSection(ExtensibilityGlobals) = postSolution
		SolutionGuid = {793E0C6A-1E96-431F-A26E-39C3FC44C866}
	EndGlobalSection
EndGlobal
